github.com/BurntSushi/toml v0.3.1/go.mod h1:xHWCNGjB5oqiDr8zfno3MHue2Ht5sIBksp03qcyfWMU=
github.com/BurntSushi/toml v1.1.0 h1:ksErzDEI1khOiGPgpwuI7x2ebx/uXQNw7xJpn9Eq1+I=
github.com/BurntSushi/toml v1.1.0/go.mod h1:CxXYINrC8qIiEnFrOxCa7Jy5BFHlXnUU2pbicEuybxQ=
github.com/aws/aws-lambda-go v1.28.0 h1:fZiik1PZqW2IyAN4rj+Y0UBaO1IDFlsNo9Zz/XnArK4=
github.com/aws/aws-lambda-go v1.28.0/go.mod h1:jJmlefzPfGnckuHdXX7/80O3BvUUi12XOkbv4w9SGLU=
github.com/aws/aws-sdk-go-v2 v1.16.5/go.mod h1:Wh7MEsmEApyL5hrWzpDkba4gwAPc5/piwLVLFnCxp48=
github.com/aws/aws-sdk-go-v2 v1.16.16 h1:M1fj4FE2lB4NzRb9Y0xdWsn2P0+2UHVxwKyOa4YJNjk=
github.com/aws/aws-sdk-go-v2 v1.16.16/go.mod h1:SwiyXi/1zTUZ6KIAmLK5V5ll8SiURNUYOqTerZPaF9k=
github.com/aws/aws-sdk-go-v2/config v1.15.10 h1:0HSMRNGlR0/WlGbeKC9DbBphBwRIK5H4cKUbgqNTKcA=
github.com/aws/aws-sdk-go-v2/config v1.15.10/go.mod h1:XL4DzwzWdwXBzKdwMdpLkMIaGEQCYRQyzA4UnJaUnNk=
github.com/aws/aws-sdk-go-v2/credentials v1.12.5 h1:WNNCUTWA0vyMy5t8LfS4iB7QshsW0DsHS/VdhyCGZWM=
github.com/aws/aws-sdk-go-v2/credentials v1.12.5/go.mod h1:DOcdLlkqUiNGyXnjWgspC3eIAdXhj8q0pO1LiSvrTI4=
github.com/aws/aws-sdk-go-v2/feature/ec2/imds v1.12.6 h1:+NZzDh/RpcQTpo9xMFUgkseIam6PC+YJbdhbQp1NOXI=
github.com/aws/aws-sdk-go-v2/feature/ec2/imds v1.12.6/go.mod h1:ClLMcuQA/wcHPmOIfNzNI4Y1Q0oDbmEkbYhMFOzHDh8=
github.com/aws/aws-sdk-go-v2/internal/configsources v1.1.12/go.mod h1:Afj/U8svX6sJ77Q+FPWMzabJ9QjbwP32YlopgKALUpg=
github.com/aws/aws-sdk-go-v2/internal/configsources v1.1.23 h1:s4g/wnzMf+qepSNgTvaQQHNxyMLKSawNhKCPNy++2xY=
github.com/aws/aws-sdk-go-v2/internal/configsources v1.1.23/go.mod h1:2DFxAQ9pfIRy0imBCJv+vZ2X6RKxves6fbnEuSry6b4=
github.com/aws/aws-sdk-go-v2/internal/endpoints/v2 v2.4.6/go.mod h1:FwpAKI+FBPIELJIdmQzlLtRe8LQSOreMcM2wBsPMvvc=
github.com/aws/aws-sdk-go-v2/internal/endpoints/v2 v2.4.17 h1:/K482T5A3623WJgWT8w1yRAFK4RzGzEl7y39yhtn9eA=
github.com/aws/aws-sdk-go-v2/internal/endpoints/v2 v2.4.17/go.mod h1:pRwaTYCJemADaqCbUAxltMoHKata7hmB5PjEXeu0kfg=
github.com/aws/aws-sdk-go-v2/internal/ini v1.3.13 h1:L/l0WbIpIadRO7i44jZh1/XeXpNDX0sokFppb4ZnXUI=
github.com/aws/aws-sdk-go-v2/internal/ini v1.3.13/go.mod h1:hiM/y1XPp3DoEPhoVEYc/CZcS58dP6RKJRDFp99wdX0=
github.com/aws/aws-sdk-go-v2/service/internal/presigned-url v1.9.6 h1:0ZxYAZ1cn7Swi/US55VKciCE6RhRHIwCKIWaMLdT6pg=
github.com/aws/aws-sdk-go-v2/service/internal/presigned-url v1.9.6/go.mod h1:DxAPjquoEHf3rUHh1b9+47RAaXB8/7cB6jkzCt/GOEI=
github.com/aws/aws-sdk-go-v2/service/quicksight v1.26.0 h1:2DPHzM3q4sT5/WIJu/CmSPaYTW189AcrPsibCu7wWMo=
github.com/aws/aws-sdk-go-v2/service/quicksight v1.26.0/go.mod h1:K5CF0VK1VrVXelLBgpb9mQy4nqny8Zg7vkf8e9rfMxQ=
github.com/aws/aws-sdk-go-v2/service/sso v1.11.8 h1:GNIdO14AHW5CgnzMml3Tg5Fy/+NqPQvnh1HsC1zpcPo=
github.com/aws/aws-sdk-go-v2/service/sso v1.11.8/go.mod h1:UqRD9bBt15P0ofRyDZX6CfsIqPpzeHOhZKWzgSuAzpo=
github.com/aws/aws-sdk-go-v2/service/sts v1.16.7 h1:HLzjwQM9975FQWSF3uENDGHT1gFQm/q3QXu2BYIcI08=
github.com/aws/aws-sdk-go-v2/service/sts v1.16.7/go.mod h1:lVxTdiiSHY3jb1aeg+BBFtDzZGSUCv6qaNOyEGCJ1AY=
github.com/aws/smithy-go v1.11.3/go.mod h1:Tg+OJXh4MB2R/uN61Ko2f6hTZwB/ZYGOtib8J3gBHzA=
github.com/aws/smithy-go v1.13.3 h1:l7LYxGuzK6/K+NzJ2mC+VvLUbae0sL3bXU//04MkmnA=
github.com/aws/smithy-go v1.13.3/go.mod h1:Tg+OJXh4MB2R/uN61Ko2f6hTZwB/ZYGOtib8J3gBHzA=
github.com/cpuguy83/go-md2man/v2 v2.0.0-20190314233015-f79a8a8ca69d/go.mod h1:maD7wRr/U5Z6m/iR4s+kqSMx2CaBsrgA7czyZG/E6dU=
github.com/cpuguy83/go-md2man/v2 v2.0.0 h1:EoUDS0afbrsXAZ9YQ9jdu/mZ2sXgT1/2yyNng4PGlyM=
github.com/cpuguy83/go-md2man/v2 v2.0.0/go.mod h1:maD7wRr/U5Z6m/iR4s+kqSMx2CaBsrgA7czyZG/E6dU=
github.com/davecgh/go-spew v1.1.0/go.mod h1:J7Y8YcW2NihsgmVo/mv3lAwl/skON4iLHjSsI+c5H38=
github.com/davecgh/go-spew v1.1.1 h1:vj9j/u1bqnvCEfJOwUhtlOARqs3+rkHYY13jYWTU97c=
github.com/davecgh/go-spew v1.1.1/go.mod h1:J7Y8YcW2NihsgmVo/mv3lAwl/skON4iLHjSsI+c5H38=
github.com/fatih/color v1.13.0 h1:8LOYc1KYPPmyKMuN8QV2DNRWNbLo6LZ0iLs8+mlH53w=
github.com/fatih/color v1.13.0/go.mod h1:kLAiJbzzSOZDVNGyDpeOxJ47H46qBXwg5ILebYFFOfk=
github.com/fujiwara/logutils v1.1.0 h1:JAYmqW40d/ZjzouB01sfZiaTxwNe4hwmB6lLajZqm1s=
github.com/fujiwara/logutils v1.1.0/go.mod h1:pdb/Uk70rjQWEmFm/OvYH7OG8meZt1fEIqC0qZbvro4=
github.com/google/go-cmp v0.5.1/go.mod h1:v8dTdLbMG2kIc/vJvl+f65V22dbkXbowE6jgT/gNBxE=
github.com/google/go-cmp v0.5.8 h1:e6P7q2lk1O+qJJb4BtCQXlK8vWEO8V1ZeuEdJNOqZyg=
github.com/google/go-cmp v0.5.8/go.mod h1:17dUlkBOakJ0+DkrSSNjCkIjxS6bF9zb3elmeNGIjoY=
github.com/hashicorp/go-version v1.5.0 h1:O293SZ2Eg+AAYijkVK3jR786Am1bhDEh2GHT0tIVE5E=
github.com/hashicorp/go-version v1.5.0/go.mod h1:fltr4n8CU8Ke44wwGCBoEymUuxUHl09ZGVZPK5anwXA=
github.com/jmespath/go-jmespath v0.4.0/go.mod h1:T8mJZnbsbmF+m6zOOFylbeCJqk5+pHWvzYPziyZiYoo=
github.com/jmespath/go-jmespath/internal/testify v1.5.1/go.mod h1:L3OGu8Wl2/fWfCI6z80xFu9LTZmf1ZRjMHUOPmWr69U=
github.com/kayac/go-config v0.6.0 h1:Y4l9tsWrUCvT1id8tbO4aT4SdGxbYqd8lqSe5l1GrK0=
github.com/kayac/go-config v0.6.0/go.mod h1:5C4ZN+sMjYpEX0bi+AcgF6g0hZYVdzZiV16TEyzAzfk=
github.com/mattn/go-colorable v0.1.9 h1:sqDoxXbdeALODt0DAeJCVp38ps9ZogZEAXjus69YV3U=
github.com/mattn/go-colorable v0.1.9/go.mod h1:u6P/XSegPjTcexA+o6vUJrdnUu04hMope9wVRipJSqc=
github.com/mattn/go-isatty v0.0.12/go.mod h1:cbi8OIDigv2wuxKPP5vlRcQ1OAZbq2CE4Kysco4FUpU=
github.com/mattn/go-isatty v0.0.14 h1:yVuAays6BHfxijgZPzw+3Zlu5yQgKGP2/hcQbHb7S9Y=
github.com/mattn/go-isatty v0.0.14/go.mod h1:7GGIvUiUoEMVVmxf/4nioHXj79iQHKdU27kJ6hsGG94=
github.com/pkg/errors v0.9.1 h1:FEBLx1zS214owpjy7qsBeixbURkuhQAwrK5UwLGTwt4=
github.com/pkg/errors v0.9.1/go.mod h1:bwawxfHBFNV+L2hUp1rHADufV3IMtnDRdf1r5NINEl0=
github.com/pmezard/go-difflib v1.0.0 h1:4DBwDE0NGyQoBHbLQYPwSUPoCMWR5BEzIk/f1lZbAQM=
github.com/pmezard/go-difflib v1.0.0/go.mod h1:iKH77koFhYxTK1pcRnkKkqfTogsbg7gZNVY4sRDYZ/4=
github.com/russross/blackfriday/v2 v2.0.1 h1:lPqVAte+HuHNfhJ/0LC98ESWRz8afy9tM/0RK8m9o+Q=
github.com/russross/blackfriday/v2 v2.0.1/go.mod h1:+Rmxgy9KzJVeS9/2gXHxylqXiyQDYRxCVz55jmeOWTM=
github.com/shurcooL/sanitized_anchor_name v1.0.0 h1:PdmoCO6wvbs+7yrJyMORt4/BmY5IYyJwS/kOiWx8mHo=
github.com/shurcooL/sanitized_anchor_name v1.0.0/go.mod h1:1NzhyTcUVG4SuEtjjoZeVRXNmyL/1OwPU0+IJeTBvfc=
github.com/stretchr/objx v0.1.0/go.mod h1:HFkY916IF+rwdDfMAkV7OtwuqBVzrE8GR6GFx+wExME=
github.com/stretchr/testify v1.6.1/go.mod h1:6Fq8oRcR53rry900zMqJjRRixrwX3KX962/h/Wwjteg=
github.com/stretchr/testify v1.7.2 h1:4jaiDzPyXQvSd7D0EjG45355tLlV3VOECpq10pLC+8s=
github.com/stretchr/testify v1.7.2/go.mod h1:R6va5+xMeoiuVRoj+gSkQ7d3FALtqAAGI1FQKckRals=
github.com/urfave/cli/v2 v2.2.0/go.mod h1:SE9GqnLQmjVa0iPEY0f1w3ygNIYcIJ0OKPMoW2caLfQ=
github.com/urfave/cli/v2 v2.3.0 h1:qph92Y649prgesehzOrQjdWyxFOp/QVM+6imKHad91M=
github.com/urfave/cli/v2 v2.3.0/go.mod h1:LJmUH05zAU44vOAcrfzZQKsZbVcdbOG8rtL3/XcUArI=
golang.org/x/sys v0.0.0-20200116001909-b77594299b42/go.mod h1:h1NjWce9XRLGQEsW7wpKNCjG9DtNlClVuFLEZdDNbEs=
golang.org/x/sys v0.0.0-20200223170610-d5e6a3e2c0ae/go.mod h1:h1NjWce9XRLGQEsW7wpKNCjG9DtNlClVuFLEZdDNbEs=
golang.org/x/sys v0.0.0-20210630005230-0f9fa26af87c h1:F1jZWGFhYfh0Ci55sIpILtKKK8p3i2/krTr0H1rg74I=
golang.org/x/sys v0.0.0-20210630005230-0f9fa26af87c/go.mod h1:oPkhp1MJrh7nUepCBck5+mAzfO9JrbApNNgaTdGDITg=
golang.org/x/xerrors v0.0.0-20191204190536-9bdfabe68543/go.mod h1:I/5z698sn9Ka8TeJc9MKroUUfqBBauWjQqLJ2OPfmY0=
gopkg.in/check.v1 v0.0.0-20161208181325-20d25e280405 h1:yhCVgyC4o1eVCa2tZl7eS0r+SDo693bJlVdllGtEeKM=
gopkg.in/check.v1 v0.0.0-20161208181325-20d25e280405/go.mod h1:Co6ibVJAznAaIkqp8huTwlJQCZ016jof/cbN4VW5Yz0=
gopkg.in/yaml.v2 v2.2.2/go.mod h1:hI93XBmqTisBFMUTm0b8Fm+jr3Dg1NNxqwp+5A1VGuI=
gopkg.in/yaml.v2 v2.2.3/go.mod h1:hI93XBmqTisBFMUTm0b8Fm+jr3Dg1NNxqwp+5A1VGuI=
gopkg.in/yaml.v2 v2.2.8/go.mod h1:hI93XBmqTisBFMUTm0b8Fm+jr3Dg1NNxqwp+5A1VGuI=
gopkg.in/yaml.v2 v2.3.0/go.mod h1:hI93XBmqTisBFMUTm0b8Fm+jr3Dg1NNxqwp+5A1VGuI=
gopkg.in/yaml.v2 v2.4.0 h1:D8xgwECY7CYvx+Y2n4sBz93Jn9JRvxdiyyo8CTfuKaY=
gopkg.in/yaml.v2 v2.4.0/go.mod h1:RDklbk79AGWmwhnvt/jBztapEOGDOx6ZbXqjP6csGnQ=
gopkg.in/yaml.v3 v3.0.0-20200313102051-9f266ea9e77c/go.mod h1:K4uyk7z7BCEPqu6E+C64Yfv1cQ7kz7rIZviUmN+EgEM=
gopkg.in/yaml.v3 v3.0.0-20200615113413-eeeca48fe776/go.mod h1:K4uyk7z7BCEPqu6E+C64Yfv1cQ7kz7rIZviUmN+EgEM=
gopkg.in/yaml.v3 v3.0.1 h1:fxVm/GzAzEWqLHuvctI91KS9hhNmmWOoWu0XTYJS7CA=
gopkg.in/yaml.v3 v3.0.1/go.mod h1:K4uyk7z7BCEPqu6E+C64Yfv1cQ7kz7rIZviUmN+EgEM=
